// !$*UTF8*$!
{
	archiveVersion = 1;
	classes = {
	};
	objectVersion = 46;
	objects = {

/* Begin PBXBuildFile section */
		211C5E421E418ECC00286190 /* MoviesViewController.swift in Sources */ = {isa = PBXBuildFile; fileRef = 211C5E411E418ECC00286190 /* MoviesViewController.swift */; };
		211C5E451E41AA7A00286190 /* MovieCell.swift in Sources */ = {isa = PBXBuildFile; fileRef = 211C5E441E41AA7A00286190 /* MovieCell.swift */; };
		21A57AC21E418D650062FE5F /* AppDelegate.swift in Sources */ = {isa = PBXBuildFile; fileRef = 21A57AC11E418D650062FE5F /* AppDelegate.swift */; };
		21A57AC71E418D650062FE5F /* Main.storyboard in Resources */ = {isa = PBXBuildFile; fileRef = 21A57AC51E418D650062FE5F /* Main.storyboard */; };
		21A57AC91E418D650062FE5F /* Assets.xcassets in Resources */ = {isa = PBXBuildFile; fileRef = 21A57AC81E418D650062FE5F /* Assets.xcassets */; };
		21A57ACC1E418D660062FE5F /* LaunchScreen.storyboard in Resources */ = {isa = PBXBuildFile; fileRef = 21A57ACA1E418D660062FE5F /* LaunchScreen.storyboard */; };
/* End PBXBuildFile section */

/* Begin PBXFileReference section */
		211C5E411E418ECC00286190 /* MoviesViewController.swift */ = {isa = PBXFileReference; fileEncoding = 4; lastKnownFileType = sourcecode.swift; path = MoviesViewController.swift; sourceTree = "<group>"; };
		211C5E441E41AA7A00286190 /* MovieCell.swift */ = {isa = PBXFileReference; fileEncoding = 4; lastKnownFileType = sourcecode.swift; path = MovieCell.swift; sourceTree = "<group>"; };
		21A57ABE1E418D650062FE5F /* MovieViewer.app */ = {isa = PBXFileReference; explicitFileType = wrapper.application; includeInIndex = 0; path = MovieViewer.app; sourceTree = BUILT_PRODUCTS_DIR; };
		21A57AC11E418D650062FE5F /* AppDelegate.swift */ = {isa = PBXFileReference; lastKnownFileType = sourcecode.swift; path = AppDelegate.swift; sourceTree = "<group>"; };
		21A57AC61E418D650062FE5F /* Base */ = {isa = PBXFileReference; lastKnownFileType = file.storyboard; name = Base; path = Base.lproj/Main.storyboard; sourceTree = "<group>"; };
		21A57AC81E418D650062FE5F /* Assets.xcassets */ = {isa = PBXFileReference; lastKnownFileType = folder.assetcatalog; path = Assets.xcassets; sourceTree = "<group>"; };
		21A57ACB1E418D660062FE5F /* Base */ = {isa = PBXFileReference; lastKnownFileType = file.storyboard; name = Base; path = Base.lproj/LaunchScreen.storyboard; sourceTree = "<group>"; };
		21A57ACD1E418D660062FE5F /* Info.plist */ = {isa = PBXFileReference; lastKnownFileType = text.plist.xml; path = Info.plist; sourceTree = "<group>"; };
/* End PBXFileReference section */

/* Begin PBXFrameworksBuildPhase section */
		21A57ABB1E418D650062FE5F /* Frameworks */ = {
			isa = PBXFrameworksBuildPhase;
			buildActionMask = 2147483647;
			files = (
			);
			runOnlyForDeploymentPostprocessing = 0;
		};
/* End PBXFrameworksBuildPhase section */

/* Begin PBXGroup section */
		211C5E431E41AA2900286190 /* Views */ = {
			isa = PBXGroup;
			children = (
				211C5E441E41AA7A00286190 /* MovieCell.swift */,
			);
			name = Views;
			sourceTree = "<group>";
		};
		211C5E471E41AAA500286190 /* viewcontroller */ = {
			isa = PBXGroup;
			children = (
				211C5E411E418ECC00286190 /* MoviesViewController.swift */,
			);
			name = viewcontroller;
			sourceTree = "<group>";
		};
		21A57AB51E418D650062FE5F = {
			isa = PBXGroup;
			children = (
				21A57AC01E418D650062FE5F /* MovieViewer */,
				21A57ABF1E418D650062FE5F /* Products */,
			);
			sourceTree = "<group>";
		};
		21A57ABF1E418D650062FE5F /* Products */ = {
			isa = PBXGroup;
			children = (
				21A57ABE1E418D650062FE5F /* MovieViewer.app */,
			);
			name = Products;
			sourceTree = "<group>";
		};
		21A57AC01E418D650062FE5F /* MovieViewer */ = {
			isa = PBXGroup;
			children = (
				211C5E471E41AAA500286190 /* viewcontroller */,
				211C5E431E41AA2900286190 /* Views */,
				21A57AC11E418D650062FE5F /* AppDelegate.swift */,
				21A57AC51E418D650062FE5F /* Main.storyboard */,
				21A57AC81E418D650062FE5F /* Assets.xcassets */,
				21A57ACA1E418D660062FE5F /* LaunchScreen.storyboard */,
				21A57ACD1E418D660062FE5F /* Info.plist */,
			);
			path = MovieViewer;
			sourceTree = "<group>";
		};
/* End PBXGroup section */

/* Begin PBXNativeTarget section */
		21A57ABD1E418D650062FE5F /* MovieViewer */ = {
			isa = PBXNativeTarget;
			buildConfigurationList = 21A57AD01E418D660062FE5F /* Build configuration list for PBXNativeTarget "MovieViewer" */;
			buildPhases = (
				21A57ABA1E418D650062FE5F /* Sources */,
				21A57ABB1E418D650062FE5F /* Frameworks */,
				21A57ABC1E418D650062FE5F /* Resources */,
			);
			buildRules = (
			);
			dependencies = (
			);
			name = MovieViewer;
			productName = MovieViewer;
			productReference = 21A57ABE1E418D650062FE5F /* MovieViewer.app */;
			productType = "com.apple.product-type.application";
		};
/* End PBXNativeTarget section */

/* Begin PBXProject section */
		21A57AB61E418D650062FE5F /* Project object */ = {
			isa = PBXProject;
			attributes = {
				LastSwiftUpdateCheck = 0820;
				LastUpgradeCheck = 0820;
				ORGANIZATIONNAME = "Madel Asistio";
				TargetAttributes = {
					21A57ABD1E418D650062FE5F = {
						CreatedOnToolsVersion = 8.2.1;
						DevelopmentTeam = WFB978387N;
						ProvisioningStyle = Automatic;
					};
				};
			};
			buildConfigurationList = 21A57AB91E418D650062FE5F /* Build configuration list for PBXProject "MovieViewer" */;
			compatibilityVersion = "Xcode 3.2";
			developmentRegion = English;
			hasScannedForEncodings = 0;
			knownRegions = (
				en,
				Base,
			);
			mainGroup = 21A57AB51E418D650062FE5F;
			productRefGroup = 21A57ABF1E418D650062FE5F /* Products */;
			projectDirPath = "";
			projectRoot = "";
			targets = (
				21A57ABD1E418D650062FE5F /* MovieViewer */,
			);
		};
/* End PBXProject section */

/* Begin PBXResourcesBuildPhase section */
		21A57ABC1E418D650062FE5F /* Resources */ = {
			isa = PBXResourcesBuildPhase;
			buildActionMask = 2147483647;
			files = (
				21A57ACC1E418D660062FE5F /* LaunchScreen.storyboard in Resources */,
				21A57AC91E418D650062FE5F /* Assets.xcassets in Resources */,
				21A57AC71E418D650062FE5F /* Main.storyboard in Resources */,
			);
			runOnlyForDeploymentPostprocessing = 0;
		};
/* End PBXResourcesBuildPhase section */

/* Begin PBXSourcesBuildPhase section */
		21A57ABA1E418D650062FE5F /* Sources */ = {
			isa = PBXSourcesBuildPhase;
			buildActionMask = 2147483647;
			files = (
				21A57AC21E418D650062FE5F /* AppDelegate.swift in Sources */,
				211C5E421E418ECC00286190 /* MoviesViewController.swift in Sources */,
				211C5E451E41AA7A00286190 /* MovieCell.swift in Sources */,
			);
			runOnlyForDeploymentPostprocessing = 0;
		};
/* End PBXSourcesBuildPhase section */

/* Begin PBXVariantGroup section */
		21A57AC51E418D650062FE5F /* Main.storyboard */ = {
			isa = PBXVariantGroup;
			children = (
				21A57AC61E418D650062FE5F /* Base */,
			);
			name = Main.storyboard;
			sourceTree = "<group>";
		};
		21A57ACA1E418D660062FE5F /* LaunchScreen.storyboard */ = {
			isa = PBXVariantGroup;
			children = (
				21A57ACB1E418D660062FE5F /* Base */,
			);
			name = LaunchScreen.storyboard;
			sourceTree = "<group>";
		};
/* End PBXVariantGroup section */

/* Begin XCBuildConfiguration section */
		21A57ACE1E418D660062FE5F /* Debug */ = {
			isa = XCBuildConfiguration;
			buildSettings = {
				ALWAYS_SEARCH_USER_PATHS = NO;
				CLANG_ANALYZER_NONNULL = YES;
				CLANG_CXX_LANGUAGE_STANDARD = "gnu++0x";
				CLANG_CXX_LIBRARY = "libc++";
				CLANG_ENABLE_MODULES = YES;
				CLANG_ENABLE_OBJC_ARC = YES;
				CLANG_WARN_BOOL_CONVERSION = YES;
				CLANG_WARN_CONSTANT_CONVERSION = YES;
				CLANG_WARN_DIRECT_OBJC_ISA_USAGE = YES_ERROR;
				CLANG_WARN_DOCUMENTATION_COMMENTS = YES;
				CLANG_WARN_EMPTY_BODY = YES;
				CLANG_WARN_ENUM_CONVERSION = YES;
				CLANG_WARN_INFINITE_RECURSION = YES;
				CLANG_WARN_INT_CONVERSION = YES;
				CLANG_WARN_OBJC_ROOT_CLASS = YES_ERROR;
				CLANG_WARN_SUSPICIOUS_MOVE = YES;
				CLANG_WARN_UNREACHABLE_CODE = YES;
				CLANG_WARN__DUPLICATE_METHOD_MATCH = YES;
				"CODE_SIGN_IDENTITY[sdk=iphoneos*]" = "iPhone Developer";
				COPY_PHASE_STRIP = NO;
				DEBUG_INFORMATION_FORMAT = dwarf;
				ENABLE_STRICT_OBJC_MSGSEND = YES;
				ENABLE_TESTABILITY = YES;
				GCC_C_LANGUAGE_STANDARD = gnu99;
				GCC_DYNAMIC_NO_PIC = NO;
				GCC_NO_COMMON_BLOCKS = YES;
				GCC_OPTIMIZATION_LEVEL = 0;
				GCC_PREPROCESSOR_DEFINITIONS = (
					"DEBUG=1",
					"$(inherited)",
				);
				GCC_WARN_64_TO_32_BIT_CONVERSION = YES;
				GCC_WARN_ABOUT_RETURN_TYPE = YES_ERROR;
				GCC_WARN_UNDECLARED_SELECTOR = YES;
				GCC_WARN_UNINITIALIZED_AUTOS = YES_AGGRESSIVE;
				GCC_WARN_UNUSED_FUNCTION = YES;
				GCC_WARN_UNUSED_VARIABLE = YES;
				IPHONEOS_DEPLOYMENT_TARGET = 10.2;
				MTL_ENABLE_DEBUG_INFO = YES;
				ONLY_ACTIVE_ARCH = YES;
				SDKROOT = iphoneos;
				SWIFT_ACTIVE_COMPILATION_CONDITIONS = DEBUG;
				SWIFT_OPTIMIZATION_LEVEL = "-Onone";
			};
			name = Debug;
		};
		21A57ACF1E418D660062FE5F /* Release */ = {
			isa = XCBuildConfiguration;
			buildSettings = {
				ALWAYS_SEARCH_USER_PATHS = NO;
				CLANG_ANALYZER_NONNULL = YES;
				CLANG_CXX_LANGUAGE_STANDARD = "gnu++0x";
				CLANG_CXX_LIBRARY = "libc++";
				CLANG_ENABLE_MODULES = YES;
				CLANG_ENABLE_OBJC_ARC = YES;
				CLANG_WARN_BOOL_CONVERSION = YES;
				CLANG_WARN_CONSTANT_CONVERSION = YES;
				CLANG_WARN_DIRECT_OBJC_ISA_USAGE = YES_ERROR;
				CLANG_WARN_DOCUMENTATION_COMMENTS = YES;
				CLANG_WARN_EMPTY_BODY = YES;
				CLANG_WARN_ENUM_CONVERSION = YES;
				CLANG_WARN_INFINITE_RECURSION = YES;
				CLANG_WARN_INT_CONVERSION = YES;
				CLANG_WARN_OBJC_ROOT_CLASS = YES_ERROR;
				CLANG_WARN_SUSPICIOUS_MOVE = YES;
				CLANG_WARN_UNREACHABLE_CODE = YES;
				CLANG_WARN__DUPLICATE_METHOD_MATCH = YES;
				"CODE_SIGN_IDENTITY[sdk=iphoneos*]" = "iPhone Developer";
				COPY_PHASE_STRIP = NO;
				DEBUG_INFORMATION_FORMAT = "dwarf-with-dsym";
				ENABLE_NS_ASSERTIONS = NO;
				ENABLE_STRICT_OBJC_MSGSEND = YES;
				GCC_C_LANGUAGE_STANDARD = gnu99;
				GCC_NO_COMMON_BLOCKS = YES;
				GCC_WARN_64_TO_32_BIT_CONVERSION = YES;
				GCC_WARN_ABOUT_RETURN_TYPE = YES_ERROR;
				GCC_WARN_UNDECLARED_SELECTOR = YES;
				GCC_WARN_UNINITIALIZED_AUTOS = YES_AGGRESSIVE;
				GCC_WARN_UNUSED_FUNCTION = YES;
				GCC_WARN_UNUSED_VARIABLE = YES;
				IPHONEOS_DEPLOYMENT_TARGET = 10.2;
				MTL_ENABLE_DEBUG_INFO = NO;
				SDKROOT = iphoneos;
				SWIFT_OPTIMIZATION_LEVEL = "-Owholemodule";
				VALIDATE_PRODUCT = YES;
			};
			name = Release;
		};
		21A57AD11E418D660062FE5F /* Debug */ = {
			isa = XCBuildConfiguration;
			buildSettings = {
				ASSETCATALOG_COMPILER_APPICON_NAME = AppIcon;
				DEVELOPMENT_TEAM = WFB978387N;
				INFOPLIST_FILE = MovieViewer/Info.plist;
				LD_RUNPATH_SEARCH_PATHS = "$(inherited) @executable_path/Frameworks";
				PRODUCT_BUNDLE_IDENTIFIER = codePath.com.MovieViewer;
				PRODUCT_NAME = "$(TARGET_NAME)";
				SWIFT_VERSION = 3.0;
			};
			name = Debug;
		};
		21A57AD21E418D660062FE5F /* Release */ = {
			isa = XCBuildConfiguration;
			buildSettings = {
				ASSETCATALOG_COMPILER_APPICON_NAME = AppIcon;
				DEVELOPMENT_TEAM = WFB978387N;
				INFOPLIST_FILE = MovieViewer/Info.plist;
				LD_RUNPATH_SEARCH_PATHS = "$(inherited) @executable_path/Frameworks";
				PRODUCT_BUNDLE_IDENTIFIER = codePath.com.MovieViewer;
				PRODUCT_NAME = "$(TARGET_NAME)";
				SWIFT_VERSION = 3.0;
			};
			name = Release;
		};
/* End XCBuildConfiguration section */

/* Begin XCConfigurationList section */
		21A57AB91E418D650062FE5F /* Build configuration list for PBXProject "MovieViewer" */ = {
			isa = XCConfigurationList;
			buildConfigurations = (
				21A57ACE1E418D660062FE5F /* Debug */,
				21A57ACF1E418D660062FE5F /* Release */,
			);
			defaultConfigurationIsVisible = 0;
			defaultConfigurationName = Release;
		};
		21A57AD01E418D660062FE5F /* Build configuration list for PBXNativeTarget "MovieViewer" */ = {
			isa = XCConfigurationList;
			buildConfigurations = (
				21A57AD11E418D660062FE5F /* Debug */,
				21A57AD21E418D660062FE5F /* Release */,
			);
			defaultConfigurationIsVisible = 0;
			defaultConfigurationName = Release;
		};
/* End XCConfigurationList section */
	};
	rootObject = 21A57AB61E418D650062FE5F /* Project object */;
}
